
Microsoft Visual Studio Solution File, Format Version 12.00
# Visual Studio Version 17
VisualStudioVersion = 17.13.35825.156
MinimumVisualStudioVersion = 10.0.40219.1
Project("{FAE04EC0-301F-11D3-BF4B-00C04F79EFBC}") = "Portifolio6", "Portifolio6.csproj", "{4C54C1EF-70F5-45A7-B6C1-EFCFAF337B3C}"
EndProject
Global
	GlobalSection(SolutionConfigurationPlatforms) = preSolution
		Debug|Any CPU = Debug|Any CPU
		Release|Any CPU = Release|Any CPU
	EndGlobalSection
	GlobalSection(ProjectConfigurationPlatforms) = postSolution
		{4C54C1EF-70F5-45A7-B6C1-EFCFAF337B3C}.Debug|Any CPU.ActiveCfg = Debug|Any CPU
		{4C54C1EF-70F5-45A7-B6C1-EFCFAF337B3C}.Debug|Any CPU.Build.0 = Debug|Any CPU
		{4C54C1EF-70F5-45A7-B6C1-EFCFAF337B3C}.Release|Any CPU.ActiveCfg = Release|Any CPU
		{4C54C1EF-70F5-45A7-B6C1-EFCFAF337B3C}.Release|Any CPU.Build.0 = Release|Any CPU
	EndGlobalSection
	GlobalSection(SolutionProperties) = preSolution
		HideSolutionNode = FALSE
	EndGlobalSection
	GlobalSection(ExtensibilityGlobals) = postSolution
		SolutionGuid = {F796244F-2A3A-45F7-B389-91FDB7FCF067}
	EndGlobalSection
EndGlobal
